
Microsoft Visual Studio Solution File, Format Version 12.00
# Visual Studio 14
VisualStudioVersion = 14.0.25420.1
MinimumVisualStudioVersion = 10.0.40219.1
Project("{FAE04EC0-301F-11D3-BF4B-00C04F79EFBC}") = "Go", "Go\Go.csproj", "{E7317854-E1A3-4B45-95C9-0A2DBCBD1D12}"
EndProject
Project("{FAE04EC0-301F-11D3-BF4B-00C04F79EFBC}") = "GoLibrary", "GoLibrary\GoLibrary.csproj", "{EDC8ABDB-A47C-4E5D-8BF7-48E0F5D09D2F}"
EndProject
Global
	GlobalSection(SolutionConfigurationPlatforms) = preSolution
		Debug|Any CPU = Debug|Any CPU
		Release|Any CPU = Release|Any CPU
	EndGlobalSection
	GlobalSection(ProjectConfigurationPlatforms) = postSolution
		{E7317854-E1A3-4B45-95C9-0A2DBCBD1D12}.Debug|Any CPU.ActiveCfg = Debug|Any CPU
		{E7317854-E1A3-4B45-95C9-0A2DBCBD1D12}.Debug|Any CPU.Build.0 = Debug|Any CPU
		{E7317854-E1A3-4B45-95C9-0A2DBCBD1D12}.Release|Any CPU.ActiveCfg = Release|Any CPU
		{E7317854-E1A3-4B45-95C9-0A2DBCBD1D12}.Release|Any CPU.Build.0 = Release|Any CPU
		{EDC8ABDB-A47C-4E5D-8BF7-48E0F5D09D2F}.Debug|Any CPU.ActiveCfg = Debug|Any CPU
		{EDC8ABDB-A47C-4E5D-8BF7-48E0F5D09D2F}.Debug|Any CPU.Build.0 = Debug|Any CPU
		{EDC8ABDB-A47C-4E5D-8BF7-48E0F5D09D2F}.Release|Any CPU.ActiveCfg = Release|Any CPU
		{EDC8ABDB-A47C-4E5D-8BF7-48E0F5D09D2F}.Release|Any CPU.Build.0 = Release|Any CPU
	EndGlobalSection
	GlobalSection(SolutionProperties) = preSolution
		HideSolutionNode = FALSE
	EndGlobalSection
EndGlobal
